// !$*UTF8*$!
{
	archiveVersion = 1;
	classes = {
	};
	objectVersion = 55;
	objects = {

/* Begin PBXBuildFile section */
		EA21FC872881BAEC00D92BBB /* AppDelegate.swift in Sources */ = {isa = PBXBuildFile; fileRef = EA21FC862881BAEC00D92BBB /* AppDelegate.swift */; };
		EA21FC892881BAEC00D92BBB /* SceneDelegate.swift in Sources */ = {isa = PBXBuildFile; fileRef = EA21FC882881BAEC00D92BBB /* SceneDelegate.swift */; };
		EA21FC8B2881BAEC00D92BBB /* ViewController.swift in Sources */ = {isa = PBXBuildFile; fileRef = EA21FC8A2881BAEC00D92BBB /* ViewController.swift */; };
		EA21FC8E2881BAEC00D92BBB /* Main.storyboard in Resources */ = {isa = PBXBuildFile; fileRef = EA21FC8C2881BAEC00D92BBB /* Main.storyboard */; };
		EA21FC902881BAEE00D92BBB /* Assets.xcassets in Resources */ = {isa = PBXBuildFile; fileRef = EA21FC8F2881BAEE00D92BBB /* Assets.xcassets */; };
		EA21FC932881BAEE00D92BBB /* LaunchScreen.storyboard in Resources */ = {isa = PBXBuildFile; fileRef = EA21FC912881BAEE00D92BBB /* LaunchScreen.storyboard */; };
		EA21FC9C2881BBAD00D92BBB /* LogInVC.swift in Sources */ = {isa = PBXBuildFile; fileRef = EA21FC9A2881BBAD00D92BBB /* LogInVC.swift */; };
		EA21FC9D2881BBAD00D92BBB /* LogInVC.xib in Resources */ = {isa = PBXBuildFile; fileRef = EA21FC9B2881BBAD00D92BBB /* LogInVC.xib */; };
/* End PBXBuildFile section */

/* Begin PBXFileReference section */
		EA21FC832881BAEC00D92BBB /* CoordinationPattern.app */ = {isa = PBXFileReference; explicitFileType = wrapper.application; includeInIndex = 0; path = CoordinationPattern.app; sourceTree = BUILT_PRODUCTS_DIR; };
		EA21FC862881BAEC00D92BBB /* AppDelegate.swift */ = {isa = PBXFileReference; lastKnownFileType = sourcecode.swift; path = AppDelegate.swift; sourceTree = "<group>"; };
		EA21FC882881BAEC00D92BBB /* SceneDelegate.swift */ = {isa = PBXFileReference; lastKnownFileType = sourcecode.swift; path = SceneDelegate.swift; sourceTree = "<group>"; };
		EA21FC8A2881BAEC00D92BBB /* ViewController.swift */ = {isa = PBXFileReference; lastKnownFileType = sourcecode.swift; path = ViewController.swift; sourceTree = "<group>"; };
		EA21FC8D2881BAEC00D92BBB /* Base */ = {isa = PBXFileReference; lastKnownFileType = file.storyboard; name = Base; path = Base.lproj/Main.storyboard; sourceTree = "<group>"; };
		EA21FC8F2881BAEE00D92BBB /* Assets.xcassets */ = {isa = PBXFileReference; lastKnownFileType = folder.assetcatalog; path = Assets.xcassets; sourceTree = "<group>"; };
		EA21FC922881BAEE00D92BBB /* Base */ = {isa = PBXFileReference; lastKnownFileType = file.storyboard; name = Base; path = Base.lproj/LaunchScreen.storyboard; sourceTree = "<group>"; };
		EA21FC942881BAEE00D92BBB /* Info.plist */ = {isa = PBXFileReference; lastKnownFileType = text.plist.xml; path = Info.plist; sourceTree = "<group>"; };
		EA21FC9A2881BBAD00D92BBB /* LogInVC.swift */ = {isa = PBXFileReference; lastKnownFileType = sourcecode.swift; path = LogInVC.swift; sourceTree = "<group>"; };
		EA21FC9B2881BBAD00D92BBB /* LogInVC.xib */ = {isa = PBXFileReference; lastKnownFileType = file.xib; path = LogInVC.xib; sourceTree = "<group>"; };
/* End PBXFileReference section */

/* Begin PBXFrameworksBuildPhase section */
		EA21FC802881BAEC00D92BBB /* Frameworks */ = {
			isa = PBXFrameworksBuildPhase;
			buildActionMask = 2147483647;
			files = (
			);
			runOnlyForDeploymentPostprocessing = 0;
		};
/* End PBXFrameworksBuildPhase section */

/* Begin PBXGroup section */
		EA21FC7A2881BAEC00D92BBB = {
			isa = PBXGroup;
			children = (
				EA21FC9A2881BBAD00D92BBB /* LogInVC.swift */,
				EA21FC9B2881BBAD00D92BBB /* LogInVC.xib */,
				EA21FC852881BAEC00D92BBB /* CoordinationPattern */,
				EA21FC842881BAEC00D92BBB /* Products */,
			);
			sourceTree = "<group>";
		};
		EA21FC842881BAEC00D92BBB /* Products */ = {
			isa = PBXGroup;
			children = (
				EA21FC832881BAEC00D92BBB /* CoordinationPattern.app */,
			);
			name = Products;
			sourceTree = "<group>";
		};
		EA21FC852881BAEC00D92BBB /* CoordinationPattern */ = {
			isa = PBXGroup;
			children = (
				EA21FC862881BAEC00D92BBB /* AppDelegate.swift */,
				EA21FC882881BAEC00D92BBB /* SceneDelegate.swift */,
				EA21FC8A2881BAEC00D92BBB /* ViewController.swift */,
				EA21FC8C2881BAEC00D92BBB /* Main.storyboard */,
				EA21FC8F2881BAEE00D92BBB /* Assets.xcassets */,
				EA21FC912881BAEE00D92BBB /* LaunchScreen.storyboard */,
				EA21FC942881BAEE00D92BBB /* Info.plist */,
			);
			path = CoordinationPattern;
			sourceTree = "<group>";
		};
/* End PBXGroup section */

/* Begin PBXNativeTarget section */
		EA21FC822881BAEC00D92BBB /* CoordinationPattern */ = {
			isa = PBXNativeTarget;
			buildConfigurationList = EA21FC972881BAEE00D92BBB /* Build configuration list for PBXNativeTarget "CoordinationPattern" */;
			buildPhases = (
				EA21FC7F2881BAEC00D92BBB /* Sources */,
				EA21FC802881BAEC00D92BBB /* Frameworks */,
				EA21FC812881BAEC00D92BBB /* Resources */,
			);
			buildRules = (
			);
			dependencies = (
			);
			name = CoordinationPattern;
			productName = CoordinationPattern;
			productReference = EA21FC832881BAEC00D92BBB /* CoordinationPattern.app */;
			productType = "com.apple.product-type.application";
		};
/* End PBXNativeTarget section */

/* Begin PBXProject section */
		EA21FC7B2881BAEC00D92BBB /* Project object */ = {
			isa = PBXProject;
			attributes = {
				BuildIndependentTargetsInParallel = 1;
				LastSwiftUpdateCheck = 1340;
				LastUpgradeCheck = 1340;
				TargetAttributes = {
					EA21FC822881BAEC00D92BBB = {
						CreatedOnToolsVersion = 13.4.1;
					};
				};
			};
			buildConfigurationList = EA21FC7E2881BAEC00D92BBB /* Build configuration list for PBXProject "CoordinationPattern" */;
			compatibilityVersion = "Xcode 13.0";
			developmentRegion = en;
			hasScannedForEncodings = 0;
			knownRegions = (
				en,
				Base,
			);
			mainGroup = EA21FC7A2881BAEC00D92BBB;
			productRefGroup = EA21FC842881BAEC00D92BBB /* Products */;
			projectDirPath = "";
			projectRoot = "";
			targets = (
				EA21FC822881BAEC00D92BBB /* CoordinationPattern */,
			);
		};
/* End PBXProject section */

/* Begin PBXResourcesBuildPhase section */
		EA21FC812881BAEC00D92BBB /* Resources */ = {
			isa = PBXResourcesBuildPhase;
			buildActionMask = 2147483647;
			files = (
				EA21FC932881BAEE00D92BBB /* LaunchScreen.storyboard in Resources */,
				EA21FC902881BAEE00D92BBB /* Assets.xcassets in Resources */,
				EA21FC9D2881BBAD00D92BBB /* LogInVC.xib in Resources */,
				EA21FC8E2881BAEC00D92BBB /* Main.storyboard in Resources */,
			);
			runOnlyForDeploymentPostprocessing = 0;
		};
/* End PBXResourcesBuildPhase section */

/* Begin PBXSourcesBuildPhase section */
		EA21FC7F2881BAEC00D92BBB /* Sources */ = {
			isa = PBXSourcesBuildPhase;
			buildActionMask = 2147483647;
			files = (
				EA21FC8B2881BAEC00D92BBB /* ViewController.swift in Sources */,
				EA21FC872881BAEC00D92BBB /* AppDelegate.swift in Sources */,
				EA21FC9C2881BBAD00D92BBB /* LogInVC.swift in Sources */,
				EA21FC892881BAEC00D92BBB /* SceneDelegate.swift in Sources */,
			);
			runOnlyForDeploymentPostprocessing = 0;
		};
/* End PBXSourcesBuildPhase section */

/* Begin PBXVariantGroup section */
		EA21FC8C2881BAEC00D92BBB /* Main.storyboard */ = {
			isa = PBXVariantGroup;
			children = (
				EA21FC8D2881BAEC00D92BBB /* Base */,
			);
			name = Main.storyboard;
			sourceTree = "<group>";
		};
		EA21FC912881BAEE00D92BBB /* LaunchScreen.storyboard */ = {
			isa = PBXVariantGroup;
			children = (
				EA21FC922881BAEE00D92BBB /* Base */,
			);
			name = LaunchScreen.storyboard;
			sourceTree = "<group>";
		};
/* End PBXVariantGroup section */

/* Begin XCBuildConfiguration section */
		EA21FC952881BAEE00D92BBB /* Debug */ = {
			isa = XCBuildConfiguration;
			buildSettings = {
				ALWAYS_SEARCH_USER_PATHS = NO;
				CLANG_ANALYZER_NONNULL = YES;
				CLANG_ANALYZER_NUMBER_OBJECT_CONVERSION = YES_AGGRESSIVE;
				CLANG_CXX_LANGUAGE_STANDARD = "gnu++17";
				CLANG_ENABLE_MODULES = YES;
				CLANG_ENABLE_OBJC_ARC = YES;
				CLANG_ENABLE_OBJC_WEAK = YES;
				CLANG_WARN_BLOCK_CAPTURE_AUTORELEASING = YES;
				CLANG_WARN_BOOL_CONVERSION = YES;
				CLANG_WARN_COMMA = YES;
				CLANG_WARN_CONSTANT_CONVERSION = YES;
				CLANG_WARN_DEPRECATED_OBJC_IMPLEMENTATIONS = YES;
				CLANG_WARN_DIRECT_OBJC_ISA_USAGE = YES_ERROR;
				CLANG_WARN_DOCUMENTATION_COMMENTS = YES;
				CLANG_WARN_EMPTY_BODY = YES;
				CLANG_WARN_ENUM_CONVERSION = YES;
				CLANG_WARN_INFINITE_RECURSION = YES;
				CLANG_WARN_INT_CONVERSION = YES;
				CLANG_WARN_NON_LITERAL_NULL_CONVERSION = YES;
				CLANG_WARN_OBJC_IMPLICIT_RETAIN_SELF = YES;
				CLANG_WARN_OBJC_LITERAL_CONVERSION = YES;
				CLANG_WARN_OBJC_ROOT_CLASS = YES_ERROR;
				CLANG_WARN_QUOTED_INCLUDE_IN_FRAMEWORK_HEADER = YES;
				CLANG_WARN_RANGE_LOOP_ANALYSIS = YES;
				CLANG_WARN_STRICT_PROTOTYPES = YES;
				CLANG_WARN_SUSPICIOUS_MOVE = YES;
				CLANG_WARN_UNGUARDED_AVAILABILITY = YES_AGGRESSIVE;
				CLANG_WARN_UNREACHABLE_CODE = YES;
				CLANG_WARN__DUPLICATE_METHOD_MATCH = YES;
				COPY_PHASE_STRIP = NO;
				DEBUG_INFORMATION_FORMAT = dwarf;
				ENABLE_STRICT_OBJC_MSGSEND = YES;
				ENABLE_TESTABILITY = YES;
				GCC_C_LANGUAGE_STANDARD = gnu11;
				GCC_DYNAMIC_NO_PIC = NO;
				GCC_NO_COMMON_BLOCKS = YES;
				GCC_OPTIMIZATION_LEVEL = 0;
				GCC_PREPROCESSOR_DEFINITIONS = (
					"DEBUG=1",
					"$(inherited)",
				);
				GCC_WARN_64_TO_32_BIT_CONVERSION = YES;
				GCC_WARN_ABOUT_RETURN_TYPE = YES_ERROR;
				GCC_WARN_UNDECLARED_SELECTOR = YES;
				GCC_WARN_UNINITIALIZED_AUTOS = YES_AGGRESSIVE;
				GCC_WARN_UNUSED_FUNCTION = YES;
				GCC_WARN_UNUSED_VARIABLE = YES;
				IPHONEOS_DEPLOYMENT_TARGET = 15.5;
				MTL_ENABLE_DEBUG_INFO = INCLUDE_SOURCE;
				MTL_FAST_MATH = YES;
				ONLY_ACTIVE_ARCH = YES;
				SDKROOT = iphoneos;
				SWIFT_ACTIVE_COMPILATION_CONDITIONS = DEBUG;
				SWIFT_OPTIMIZATION_LEVEL = "-Onone";
			};
			name = Debug;
		};
		EA21FC962881BAEE00D92BBB /* Release */ = {
			isa = XCBuildConfiguration;
			buildSettings = {
				ALWAYS_SEARCH_USER_PATHS = NO;
				CLANG_ANALYZER_NONNULL = YES;
				CLANG_ANALYZER_NUMBER_OBJECT_CONVERSION = YES_AGGRESSIVE;
				CLANG_CXX_LANGUAGE_STANDARD = "gnu++17";
				CLANG_ENABLE_MODULES = YES;
				CLANG_ENABLE_OBJC_ARC = YES;
				CLANG_ENABLE_OBJC_WEAK = YES;
				CLANG_WARN_BLOCK_CAPTURE_AUTORELEASING = YES;
				CLANG_WARN_BOOL_CONVERSION = YES;
				CLANG_WARN_COMMA = YES;
				CLANG_WARN_CONSTANT_CONVERSION = YES;
				CLANG_WARN_DEPRECATED_OBJC_IMPLEMENTATIONS = YES;
				CLANG_WARN_DIRECT_OBJC_ISA_USAGE = YES_ERROR;
				CLANG_WARN_DOCUMENTATION_COMMENTS = YES;
				CLANG_WARN_EMPTY_BODY = YES;
				CLANG_WARN_ENUM_CONVERSION = YES;
				CLANG_WARN_INFINITE_RECURSION = YES;
				CLANG_WARN_INT_CONVERSION = YES;
				CLANG_WARN_NON_LITERAL_NULL_CONVERSION = YES;
				CLANG_WARN_OBJC_IMPLICIT_RETAIN_SELF = YES;
				CLANG_WARN_OBJC_LITERAL_CONVERSION = YES;
				CLANG_WARN_OBJC_ROOT_CLASS = YES_ERROR;
				CLANG_WARN_QUOTED_INCLUDE_IN_FRAMEWORK_HEADER = YES;
				CLANG_WARN_RANGE_LOOP_ANALYSIS = YES;
				CLANG_WARN_STRICT_PROTOTYPES = YES;
				CLANG_WARN_SUSPICIOUS_MOVE = YES;
				CLANG_WARN_UNGUARDED_AVAILABILITY = YES_AGGRESSIVE;
				CLANG_WARN_UNREACHABLE_CODE = YES;
				CLANG_WARN__DUPLICATE_METHOD_MATCH = YES;
				COPY_PHASE_STRIP = NO;
				DEBUG_INFORMATION_FORMAT = "dwarf-with-dsym";
				ENABLE_NS_ASSERTIONS = NO;
				ENABLE_STRICT_OBJC_MSGSEND = YES;
				GCC_C_LANGUAGE_STANDARD = gnu11;
				GCC_NO_COMMON_BLOCKS = YES;
				GCC_WARN_64_TO_32_BIT_CONVERSION = YES;
				GCC_WARN_ABOUT_RETURN_TYPE = YES_ERROR;
				GCC_WARN_UNDECLARED_SELECTOR = YES;
				GCC_WARN_UNINITIALIZED_AUTOS = YES_AGGRESSIVE;
				GCC_WARN_UNUSED_FUNCTION = YES;
				GCC_WARN_UNUSED_VARIABLE = YES;
				IPHONEOS_DEPLOYMENT_TARGET = 15.5;
				MTL_ENABLE_DEBUG_INFO = NO;
				MTL_FAST_MATH = YES;
				SDKROOT = iphoneos;
				SWIFT_COMPILATION_MODE = wholemodule;
				SWIFT_OPTIMIZATION_LEVEL = "-O";
				VALIDATE_PRODUCT = YES;
			};
			name = Release;
		};
		EA21FC982881BAEE00D92BBB /* Debug */ = {
			isa = XCBuildConfiguration;
			buildSettings = {
				ASSETCATALOG_COMPILER_APPICON_NAME = AppIcon;
				ASSETCATALOG_COMPILER_GLOBAL_ACCENT_COLOR_NAME = AccentColor;
				CODE_SIGN_STYLE = Automatic;
				CURRENT_PROJECT_VERSION = 1;
				DEVELOPMENT_TEAM = XB33C24M49;
				GENERATE_INFOPLIST_FILE = YES;
				INFOPLIST_FILE = CoordinationPattern/Info.plist;
				INFOPLIST_KEY_UIApplicationSupportsIndirectInputEvents = YES;
				INFOPLIST_KEY_UILaunchStoryboardName = LaunchScreen;
				INFOPLIST_KEY_UIMainStoryboardFile = Main;
				INFOPLIST_KEY_UISupportedInterfaceOrientations_iPad = "UIInterfaceOrientationPortrait UIInterfaceOrientationPortraitUpsideDown UIInterfaceOrientationLandscapeLeft UIInterfaceOrientationLandscapeRight";
				INFOPLIST_KEY_UISupportedInterfaceOrientations_iPhone = "UIInterfaceOrientationPortrait UIInterfaceOrientationLandscapeLeft UIInterfaceOrientationLandscapeRight";
				LD_RUNPATH_SEARCH_PATHS = (
					"$(inherited)",
					"@executable_path/Frameworks",
				);
				MARKETING_VERSION = 1.0;
				PRODUCT_BUNDLE_IDENTIFIER = com.cs.test.CoordinationPattern;
				PRODUCT_NAME = "$(TARGET_NAME)";
				SWIFT_EMIT_LOC_STRINGS = YES;
				SWIFT_VERSION = 5.0;
				TARGETED_DEVICE_FAMILY = "1,2";
			};
			name = Debug;
		};
		EA21FC992881BAEE00D92BBB /* Release */ = {
			isa = XCBuildConfiguration;
			buildSettings = {
				ASSETCATALOG_COMPILER_APPICON_NAME = AppIcon;
				ASSETCATALOG_COMPILER_GLOBAL_ACCENT_COLOR_NAME = AccentColor;
				CODE_SIGN_STYLE = Automatic;
				CURRENT_PROJECT_VERSION = 1;
				DEVELOPMENT_TEAM = XB33C24M49;
				GENERATE_INFOPLIST_FILE = YES;
				INFOPLIST_FILE = CoordinationPattern/Info.plist;
				INFOPLIST_KEY_UIApplicationSupportsIndirectInputEvents = YES;
				INFOPLIST_KEY_UILaunchStoryboardName = LaunchScreen;
				INFOPLIST_KEY_UIMainStoryboardFile = Main;
				INFOPLIST_KEY_UISupportedInterfaceOrientations_iPad = "UIInterfaceOrientationPortrait UIInterfaceOrientationPortraitUpsideDown UIInterfaceOrientationLandscapeLeft UIInterfaceOrientationLandscapeRight";
				INFOPLIST_KEY_UISupportedInterfaceOrientations_iPhone = "UIInterfaceOrientationPortrait UIInterfaceOrientationLandscapeLeft UIInterfaceOrientationLandscapeRight";
				LD_RUNPATH_SEARCH_PATHS = (
					"$(inherited)",
					"@executable_path/Frameworks",
				);
				MARKETING_VERSION = 1.0;
				PRODUCT_BUNDLE_IDENTIFIER = com.cs.test.CoordinationPattern;
				PRODUCT_NAME = "$(TARGET_NAME)";
				SWIFT_EMIT_LOC_STRINGS = YES;
				SWIFT_VERSION = 5.0;
				TARGETED_DEVICE_FAMILY = "1,2";
			};
			name = Release;
		};
/* End XCBuildConfiguration section */

/* Begin XCConfigurationList section */
		EA21FC7E2881BAEC00D92BBB /* Build configuration list for PBXProject "CoordinationPattern" */ = {
			isa = XCConfigurationList;
			buildConfigurations = (
				EA21FC952881BAEE00D92BBB /* Debug */,
				EA21FC962881BAEE00D92BBB /* Release */,
			);
			defaultConfigurationIsVisible = 0;
			defaultConfigurationName = Release;
		};
		EA21FC972881BAEE00D92BBB /* Build configuration list for PBXNativeTarget "CoordinationPattern" */ = {
			isa = XCConfigurationList;
			buildConfigurations = (
				EA21FC982881BAEE00D92BBB /* Debug */,
				EA21FC992881BAEE00D92BBB /* Release */,
			);
			defaultConfigurationIsVisible = 0;
			defaultConfigurationName = Release;
		};
/* End XCConfigurationList section */
	};
	rootObject = EA21FC7B2881BAEC00D92BBB /* Project object */;
}
